# THIS IS AN AUTOGENERATED FILE. DO NOT EDIT THIS FILE DIRECTLY.
# yarn lockfile v1


dotenv@^8.0.0:
  version "8.0.0"
  resolved "https://registry.yarnpkg.com/dotenv/-/dotenv-8.0.0.tgz#ed310c165b4e8a97bb745b0a9d99c31bda566440"
  integrity sha512-30xVGqjLjiUOArT4+M5q9sYdvuR4riM6yK9wMcas9Vbp6zZa+ocC9dp6QoftuhTPhFAiLK/0C5Ni2nou/Bk8lg==

extend@^3.0.2:
  version "3.0.2"
  resolved "https://registry.yarnpkg.com/extend/-/extend-3.0.2.tgz#f8b1136b4071fbd8eb140aff858b1019ec2915fa"
  integrity sha512-fjquC59cD7CyW6urNXK0FBufkZcoiGG80wTuPujX590cB5Ttln20E2UB4S/WARVqhXffZl2LNgS+gQdPIIim/g==

flat@^4.1.0:
  version "4.1.0"
  resolved "https://registry.yarnpkg.com/flat/-/flat-4.1.0.tgz#090bec8b05e39cba309747f1d588f04dbaf98db2"
  integrity sha512-Px/TiLIznH7gEDlPXcUD4KnBusa6kR6ayRUVcnEAbreRIuhkqow/mun59BuRXwoYk7ZQOLW1ZM05ilIvK38hFw==
  dependencies:
    is-buffer "~2.0.3"

is-buffer@~2.0.3:
  version "2.0.3"
  resolved "https://registry.yarnpkg.com/is-buffer/-/is-buffer-2.0.3.tgz#4ecf3fcf749cbd1e472689e109ac66261a25e725"
  integrity sha512-U15Q7MXTuZlrbymiz95PJpZxu8IlipAp4dtS3wOdgPXx3mqBnslrWU14kxfHB+Py/+2PVKSr37dMAgM2A4uArw==

load-config-js@^0.1.0:
  version "0.1.0"
  resolved "https://registry.yarnpkg.com/load-config-js/-/load-config-js-0.1.0.tgz#e86e52311591f5dcf158e905b95d2d09ba1073a1"
  integrity sha512-J6jaIMpbp9E3SOhWa/MFUV0fagC2I/fnS5iDN6BsI1or3owAiSWTtlDlNzJNyPLs/yte/drXXRD5J1eD40vxbg==
  dependencies:
    extend "^3.0.2"
    flat "^4.1.0"

module-alias@^2.2.0:
  version "2.2.0"
  resolved "https://registry.yarnpkg.com/module-alias/-/module-alias-2.2.0.tgz#a2e32275381642252bf0c51405f7a09a367479b5"
  integrity sha512-O4bbvlZkHj2LUQhieQWWCr486ddc8X+WwRqi3QGnFKfknaxdHTOB7+xRgeyWHc6arpjgtT5SLLMMTFwUM3/x5w==
